{
  "name": "Grupa-Lom-Project2-Chist",
  "lockfileVersion": 3,
  "requires": true,
  "packages": {
    "": {
      "dependencies": {
        "gitleaks": "^1.0.0"
      }
    },
    "node_modules/gitleaks": {
      "version": "1.0.0",
      "resolved": "https://registry.npmjs.org/gitleaks/-/gitleaks-1.0.0.tgz",
      "integrity": "sha512-mTtKkWCAeHnTiBmRzjKnot8D8zX/JVDuRffuvSCr+z93vuBXygeifGZ7lXOB8Hjxto+DikSoF0XXfxntd1BZSQ==",
      "license": "ISC"
    }
  }
}
